{
  "version": 4,
  "terraform_version": "0.12.21",
  "serial": 9,
  "lineage": "2737ca65-b2ab-a88c-2d5b-fb9da81a488b",
  "outputs": {},
  "resources": [
    {
      "mode": "managed",
      "type": "google_container_cluster",
      "name": "gke-cluster",
      "provider": "provider.google",
      "instances": [
        {
          "schema_version": 1,
          "attributes": {
            "additional_zones": [],
            "addons_config": [
              {
                "horizontal_pod_autoscaling": [],
                "http_load_balancing": [],
                "kubernetes_dashboard": [],
                "network_policy_config": [
                  {
                    "disabled": true
                  }
                ]
              }
            ],
            "authenticator_groups_config": [],
            "cluster_autoscaling": [
              {
                "auto_provisioning_defaults": [],
                "enabled": false,
                "resource_limits": []
              }
            ],
            "cluster_ipv4_cidr": "10.16.0.0/14",
            "default_max_pods_per_node": 110,
            "description": "",
            "enable_binary_authorization": false,
            "enable_intranode_visibility": null,
            "enable_kubernetes_alpha": false,
            "enable_legacy_abac": false,
            "enable_tpu": null,
            "endpoint": "35.247.233.35",
            "id": "projects/true-server-269807/locations/southamerica-east1-a/clusters/apigcp-cluster",
            "initial_node_count": 1,
            "instance_group_urls": [
              "https://www.googleapis.com/compute/v1/projects/true-server-269807/zones/southamerica-east1-a/instanceGroups/gke-apigcp-cluster-default-pool-f289f4de-grp"
            ],
            "ip_allocation_policy": [],
            "label_fingerprint": "a9dc16a7",
            "location": "southamerica-east1-a",
            "logging_service": "logging.googleapis.com/kubernetes",
            "maintenance_policy": [],
            "master_auth": [
              {
                "client_certificate": "",
                "client_certificate_config": [
                  {
                    "issue_client_certificate": false
                  }
                ],
                "client_key": "",
                "cluster_ca_certificate": "LS0tLS1CRUdJTiBDRVJUSUZJQ0FURS0tLS0tCk1JSURDekNDQWZPZ0F3SUJBZ0lRSmFidHY2Wmhva0hENmk1YzVzMVJsekFOQmdrcWhraUc5dzBCQVFzRkFEQXYKTVMwd0t3WURWUVFERXlRME1UY3paV1V6TnkwMlpEWXdMVFE1WXpjdFlqUmlaUzB6TVRoaE5tSmpOR0kzWkRBdwpIaGNOTWpBd016RTJNRGd6T0RFNFdoY05NalV3TXpFMU1Ea3pPREU0V2pBdk1TMHdLd1lEVlFRREV5UTBNVGN6ClpXVXpOeTAyWkRZd0xUUTVZemN0WWpSaVpTMHpNVGhoTm1Kak5HSTNaREF3Z2dFaU1BMEdDU3FHU0liM0RRRUIKQVFVQUE0SUJEd0F3Z2dFS0FvSUJBUUNvK0w0ZEllWk9rSDk2UGIrZTdPMjhIWFBsYWVLVjNNS3pxYk1ndnkydApWOGpZUGk2R3RMSDBvU3JOMTlvQ1dLNTlaMS90endVaFBwUjFmbG00c1RiTHFMWW1DakYvbHNPVHJXTlJocHpTCkhkN0JFR3FYbkl5dnJYczJNa2FYRmFkcEdzV1dhOFp0U2FCdnp6MFFaWWFld0UwMmlBMW04UmNaVHhqS2NJU0oKTFYxdW02L0JpckhuVEV0R3B1YXMyL29QK0Nyd1FRa00vZ0NmZXJKeDBQc1kxL1IrV3J0SEVaY0M3c0NvT2d5VwpFdVRob0FKTjdCNWN1YjZpeGY0UWZkNTd3KzJEMFk4M2ViUjlNK2JwTGtpSU4zanFpK2tid0dOV0dLQUxvdUNBCi8xVjFRZzF4bFJjRTBlRGRxdjRmaUZTRzl2cFhRT2RTdFcySUJkbWZjRG1iQWdNQkFBR2pJekFoTUE0R0ExVWQKRHdFQi93UUVBd0lDQkRBUEJnTlZIUk1CQWY4RUJUQURBUUgvTUEwR0NTcUdTSWIzRFFFQkN3VUFBNElCQVFCMgp4VkMwSkNwZDBJbGxqSzN6dEIyVWRjdWcrOGYxKzFiWHBlYVRxeTN4ZUFJeXQ2U2Q2R2M1akU1Sm0xQnR5bHE0CnpnRXBEeTd1d1FjR1F3bjNPWVFkdjFub25YTHdxTzlrSjZ3RUxJQ0N1QWZBaDRYTFZuMUdRWldBUDN2WnZFdGMKQmpQeU5xZndXeUQ1b1cyRTNXdmlDNzdNdmlreFB0cHRmOFdWWXJZTWpuaFgweXlnZ0ErV0x6eUJnQjNMcU5ZWQpwSFhLc2hheEZoV3JzVWpmS3BhcTgzcGprNjdHcXVwVEZZN2RKaElCU2xrRG9uUjc2blpBK0w0REdxL2w0QWVvCkJTT2pDNTJxajE5MklFNkNRSjI0VnBmSUsvdGlmR3pTejV1K1dKdmxmZW9BSFQwMFM2VUZWVjJJL1RxdHM2Qk4KMmVkV2J3cFVOc0RMckN3aE8xb3UKLS0tLS1FTkQgQ0VSVElGSUNBVEUtLS0tLQo=",
                "password": "",
                "username": ""
              }
            ],
            "master_authorized_networks_config": [],
            "master_version": "1.14.10-gke.17",
            "min_master_version": null,
            "monitoring_service": "monitoring.googleapis.com/kubernetes",
            "name": "apigcp-cluster",
            "network": "projects/true-server-269807/global/networks/default",
            "network_policy": [
              {
                "enabled": false,
                "provider": "PROVIDER_UNSPECIFIED"
              }
            ],
            "node_config": [
              {
                "disk_size_gb": 100,
                "disk_type": "pd-standard",
                "guest_accelerator": [],
                "image_type": "COS",
                "labels": {},
                "local_ssd_count": 0,
                "machine_type": "n1-standard-1",
                "metadata": {
                  "disable-legacy-endpoints": "true"
                },
                "min_cpu_platform": "",
                "oauth_scopes": [
                  "https://www.googleapis.com/auth/devstorage.read_only",
                  "https://www.googleapis.com/auth/logging.write",
                  "https://www.googleapis.com/auth/monitoring",
                  "https://www.googleapis.com/auth/service.management.readonly",
                  "https://www.googleapis.com/auth/servicecontrol",
                  "https://www.googleapis.com/auth/trace.append"
                ],
                "preemptible": false,
                "sandbox_config": [],
                "service_account": "default",
                "shielded_instance_config": [
                  {
                    "enable_integrity_monitoring": true,
                    "enable_secure_boot": false
                  }
                ],
                "tags": [],
                "taint": [],
                "workload_metadata_config": []
              }
            ],
            "node_locations": [],
            "node_pool": [
              {
                "autoscaling": [],
                "initial_node_count": 1,
                "instance_group_urls": [
                  "https://www.googleapis.com/compute/v1/projects/true-server-269807/zones/southamerica-east1-a/instanceGroupManagers/gke-apigcp-cluster-default-pool-f289f4de-grp"
                ],
                "management": [
                  {
                    "auto_repair": false,
                    "auto_upgrade": true
                  }
                ],
                "max_pods_per_node": 0,
                "name": "default-pool",
                "name_prefix": "",
                "node_config": [
                  {
                    "disk_size_gb": 100,
                    "disk_type": "pd-standard",
                    "guest_accelerator": [],
                    "image_type": "COS",
                    "labels": {},
                    "local_ssd_count": 0,
                    "machine_type": "n1-standard-1",
                    "metadata": {
                      "disable-legacy-endpoints": "true"
                    },
                    "min_cpu_platform": "",
                    "oauth_scopes": [
                      "https://www.googleapis.com/auth/devstorage.read_only",
                      "https://www.googleapis.com/auth/logging.write",
                      "https://www.googleapis.com/auth/monitoring",
                      "https://www.googleapis.com/auth/service.management.readonly",
                      "https://www.googleapis.com/auth/servicecontrol",
                      "https://www.googleapis.com/auth/trace.append"
                    ],
                    "preemptible": false,
                    "sandbox_config": [],
                    "service_account": "default",
                    "shielded_instance_config": [
                      {
                        "enable_integrity_monitoring": true,
                        "enable_secure_boot": false
                      }
                    ],
                    "tags": [],
                    "taint": [],
                    "workload_metadata_config": []
                  }
                ],
                "node_count": 1,
                "version": "1.14.10-gke.17"
              }
            ],
            "node_version": "1.14.10-gke.17",
            "operation": null,
            "pod_security_policy_config": null,
            "private_cluster_config": [],
            "project": "true-server-269807",
            "region": null,
            "remove_default_node_pool": null,
            "resource_labels": null,
            "services_ipv4_cidr": "10.19.240.0/20",
            "subnetwork": "projects/true-server-269807/regions/southamerica-east1/subnetworks/default",
            "timeouts": null,
            "vertical_pod_autoscaling": [],
            "zone": null
          },
          "private": "eyJlMmJmYjczMC1lY2FhLTExZTYtOGY4OC0zNDM2M2JjN2M0YzAiOnsiY3JlYXRlIjoyNDAwMDAwMDAwMDAwLCJkZWxldGUiOjI0MDAwMDAwMDAwMDAsInVwZGF0ZSI6MzYwMDAwMDAwMDAwMH0sInNjaGVtYV92ZXJzaW9uIjoiMSJ9"
        }
      ]
    }
  ]
}
